github.com/BurntSushi/toml v1.5.0 h1:W5quZX/G/csjUnuI8SUYlsHs9M38FC7znL0lIO+DvMg=
github.com/BurntSushi/toml v1.5.0/go.mod h1:ukJfTF/6rtPPRCnwkur4qwRxa8vTRFBF0uk2lLoLwho=
go.osspkg.com/casecheck v0.3.0 h1:x15blEszElbrHrEH5H02JIIhGIg/lGZzIt1kQlD3pwM=
go.osspkg.com/casecheck v0.3.0/go.mod h1:TRFXDMFJEOtnlp3ET2Hix3osbxwPWhvaiT/HfD3+gBA=
go.osspkg.com/errors v0.3.1 h1:F9m/EEd/Ot2jba/TV7tvVRIpWXzIpNLc7vRJKcBD86A=
go.osspkg.com/errors v0.3.1/go.mod h1:dKXe6Rt07nzY7OyKQNZ8HGBicZ2uQ5TKEoVFnVFOK44=
go.osspkg.com/ioutils v0.7.2 h1:mgZHnwNV2rZE39VgzDx7IUzX3XPyso96Tu3MCFB6ALQ=
go.osspkg.com/ioutils v0.7.2/go.mod h1:HvM/4kMcnwrGwjHsV+/1LGnFuO9gkWMqFLXd4ZAD/zo=
go.osspkg.com/syncing v0.4.0 h1:9ytMfGHd6Ew69D2n/1syj0FTujNfb1KBiUSZ+KsMTqk=
go.osspkg.com/syncing v0.4.0/go.mod h1:/LBmgCAHFW6nQgVDILpEuo6eRCFK1yyFeNbDs4eVNls=
gopkg.in/check.v1 v0.0.0-20161208181325-20d25e280405 h1:yhCVgyC4o1eVCa2tZl7eS0r+SDo693bJlVdllGtEeKM=
gopkg.in/check.v1 v0.0.0-20161208181325-20d25e280405/go.mod h1:Co6ibVJAznAaIkqp8huTwlJQCZ016jof/cbN4VW5Yz0=
gopkg.in/yaml.v3 v3.0.1 h1:fxVm/GzAzEWqLHuvctI91KS9hhNmmWOoWu0XTYJS7CA=
gopkg.in/yaml.v3 v3.0.1/go.mod h1:K4uyk7z7BCEPqu6E+C64Yfv1cQ7kz7rIZviUmN+EgEM=
